
Microsoft Visual Studio Solution File, Format Version 12.00
# Visual Studio Version 17
VisualStudioVersion = 17.8.34316.72
MinimumVisualStudioVersion = 10.0.40219.1
Project("{8BC9CEB8-8B4A-11D0-8D11-00A0C91BC942}") = "dino_game", "dino_game.vcxproj", "{EB98C8B6-9996-4336-97D5-21BF2E060EEE}"
EndProject
Global
	GlobalSection(SolutionConfigurationPlatforms) = preSolution
		Debug|x64 = Debug|x64
		Debug|x86 = Debug|x86
		Release|x64 = Release|x64
		Release|x86 = Release|x86
	EndGlobalSection
	GlobalSection(ProjectConfigurationPlatforms) = postSolution
		{EB98C8B6-9996-4336-97D5-21BF2E060EEE}.Debug|x64.ActiveCfg = Debug|x64
		{EB98C8B6-9996-4336-97D5-21BF2E060EEE}.Debug|x64.Build.0 = Debug|x64
		{EB98C8B6-9996-4336-97D5-21BF2E060EEE}.Debug|x86.ActiveCfg = Debug|Win32
		{EB98C8B6-9996-4336-97D5-21BF2E060EEE}.Debug|x86.Build.0 = Debug|Win32
		{EB98C8B6-9996-4336-97D5-21BF2E060EEE}.Release|x64.ActiveCfg = Release|x64
		{EB98C8B6-9996-4336-97D5-21BF2E060EEE}.Release|x64.Build.0 = Release|x64
		{EB98C8B6-9996-4336-97D5-21BF2E060EEE}.Release|x86.ActiveCfg = Release|Win32
		{EB98C8B6-9996-4336-97D5-21BF2E060EEE}.Release|x86.Build.0 = Release|Win32
	EndGlobalSection
	GlobalSection(SolutionProperties) = preSolution
		HideSolutionNode = FALSE
	EndGlobalSection
	GlobalSection(ExtensibilityGlobals) = postSolution
		SolutionGuid = {CA448146-84AE-4F04-984B-4A576AC05C45}
	EndGlobalSection
EndGlobal
